
Microsoft Visual Studio Solution File, Format Version 12.00
# Visual Studio 15
VisualStudioVersion = 15.0.26430.16
MinimumVisualStudioVersion = 10.0.40219.1
Project("{FAE04EC0-301F-11D3-BF4B-00C04F79EFBC}") = "GeneralProjectName.Web", "GeneralProjectName.Web\GeneralProjectName.Web.csproj", "{702D4AF1-FBEC-47BE-8885-0466FCEBD0D4}"
EndProject
Project("{FAE04EC0-301F-11D3-BF4B-00C04F79EFBC}") = "GeneralProjectName.Web.Tests", "Tests\GeneralProjectName.Web.Tests\GeneralProjectName.Web.Tests.csproj", "{7C3423B2-0B6D-438D-A533-E9427D340EC2}"
EndProject
Project("{2150E333-8FDC-42A3-9474-1A3956D46DE8}") = "Tests", "Tests", "{9DCDED0A-5708-44FE-ABBE-79D2270E1ED2}"
EndProject
Global
	GlobalSection(SolutionConfigurationPlatforms) = preSolution
		Debug|Any CPU = Debug|Any CPU
		Release|Any CPU = Release|Any CPU
	EndGlobalSection
	GlobalSection(ProjectConfigurationPlatforms) = postSolution
		{702D4AF1-FBEC-47BE-8885-0466FCEBD0D4}.Debug|Any CPU.ActiveCfg = Debug|Any CPU
		{702D4AF1-FBEC-47BE-8885-0466FCEBD0D4}.Debug|Any CPU.Build.0 = Debug|Any CPU
		{702D4AF1-FBEC-47BE-8885-0466FCEBD0D4}.Release|Any CPU.ActiveCfg = Release|Any CPU
		{702D4AF1-FBEC-47BE-8885-0466FCEBD0D4}.Release|Any CPU.Build.0 = Release|Any CPU
		{7C3423B2-0B6D-438D-A533-E9427D340EC2}.Debug|Any CPU.ActiveCfg = Debug|Any CPU
		{7C3423B2-0B6D-438D-A533-E9427D340EC2}.Debug|Any CPU.Build.0 = Debug|Any CPU
		{7C3423B2-0B6D-438D-A533-E9427D340EC2}.Release|Any CPU.ActiveCfg = Release|Any CPU
		{7C3423B2-0B6D-438D-A533-E9427D340EC2}.Release|Any CPU.Build.0 = Release|Any CPU
	EndGlobalSection
	GlobalSection(SolutionProperties) = preSolution
		HideSolutionNode = FALSE
	EndGlobalSection
	GlobalSection(NestedProjects) = preSolution
		{7C3423B2-0B6D-438D-A533-E9427D340EC2} = {9DCDED0A-5708-44FE-ABBE-79D2270E1ED2}
	EndGlobalSection
EndGlobal
